// !$*UTF8*$!
{
	archiveVersion = 1;
	classes = {
	};
	objectVersion = 56;
	objects = {

/* Begin PBXBuildFile section */
		210785AD2B8D852B00347B75 /* LittleLemonMenuApp.swift in Sources */ = {isa = PBXBuildFile; fileRef = 210785AC2B8D852B00347B75 /* LittleLemonMenuApp.swift */; };
		210785B12B8D852E00347B75 /* Assets.xcassets in Resources */ = {isa = PBXBuildFile; fileRef = 210785B02B8D852E00347B75 /* Assets.xcassets */; };
		210785B42B8D852E00347B75 /* Preview Assets.xcassets in Resources */ = {isa = PBXBuildFile; fileRef = 210785B32B8D852E00347B75 /* Preview Assets.xcassets */; };
		210785D72B8D864700347B75 /* MenuItemsView.swift in Sources */ = {isa = PBXBuildFile; fileRef = 210785D62B8D864700347B75 /* MenuItemsView.swift */; };
		210785D92B8D866600347B75 /* MenuItemsOptionView.swift in Sources */ = {isa = PBXBuildFile; fileRef = 210785D82B8D866600347B75 /* MenuItemsOptionView.swift */; };
		210785DB2B8D86D000347B75 /* MenuItemDetails.swift in Sources */ = {isa = PBXBuildFile; fileRef = 210785DA2B8D86D000347B75 /* MenuItemDetails.swift */; };
		214095A12BA5B07900A600EE /* MenuItemTests.swift in Sources */ = {isa = PBXBuildFile; fileRef = 214095A02BA5B07900A600EE /* MenuItemTests.swift */; };
		214F96882BA055F100A5D89D /* MockData.swift in Sources */ = {isa = PBXBuildFile; fileRef = 214F96872BA055F100A5D89D /* MockData.swift */; };
		21B36BFC2B956F21003E9943 /* MenuCategory.swift in Sources */ = {isa = PBXBuildFile; fileRef = 21B36BFB2B956F21003E9943 /* MenuCategory.swift */; };
		21B36BFE2B96D32F003E9943 /* Ingredient.swift in Sources */ = {isa = PBXBuildFile; fileRef = 21B36BFD2B96D32F003E9943 /* Ingredient.swift */; };
		21B36C002B983CA6003E9943 /* MenuViewViewModel.swift in Sources */ = {isa = PBXBuildFile; fileRef = 21B36BFF2B983CA6003E9943 /* MenuViewViewModel.swift */; };
/* End PBXBuildFile section */

/* Begin PBXContainerItemProxy section */
		210785BA2B8D852E00347B75 /* PBXContainerItemProxy */ = {
			isa = PBXContainerItemProxy;
			containerPortal = 210785A12B8D852B00347B75 /* Project object */;
			proxyType = 1;
			remoteGlobalIDString = 210785A82B8D852B00347B75;
			remoteInfo = LittleLemonMenu;
		};
		210785C42B8D852E00347B75 /* PBXContainerItemProxy */ = {
			isa = PBXContainerItemProxy;
			containerPortal = 210785A12B8D852B00347B75 /* Project object */;
			proxyType = 1;
			remoteGlobalIDString = 210785A82B8D852B00347B75;
			remoteInfo = LittleLemonMenu;
		};
		214095A22BA5B07900A600EE /* PBXContainerItemProxy */ = {
			isa = PBXContainerItemProxy;
			containerPortal = 210785A12B8D852B00347B75 /* Project object */;
			proxyType = 1;
			remoteGlobalIDString = 210785A82B8D852B00347B75;
			remoteInfo = LittleLemonMenu;
		};
/* End PBXContainerItemProxy section */

/* Begin PBXFileReference section */
		210785A92B8D852B00347B75 /* LittleLemonMenu.app */ = {isa = PBXFileReference; explicitFileType = wrapper.application; includeInIndex = 0; path = LittleLemonMenu.app; sourceTree = BUILT_PRODUCTS_DIR; };
		210785AC2B8D852B00347B75 /* LittleLemonMenuApp.swift */ = {isa = PBXFileReference; lastKnownFileType = sourcecode.swift; path = LittleLemonMenuApp.swift; sourceTree = "<group>"; };
		210785B02B8D852E00347B75 /* Assets.xcassets */ = {isa = PBXFileReference; lastKnownFileType = folder.assetcatalog; path = Assets.xcassets; sourceTree = "<group>"; };
		210785B32B8D852E00347B75 /* Preview Assets.xcassets */ = {isa = PBXFileReference; lastKnownFileType = folder.assetcatalog; path = "Preview Assets.xcassets"; sourceTree = "<group>"; };
		210785B92B8D852E00347B75 /* LittleLemonMenuTests.xctest */ = {isa = PBXFileReference; explicitFileType = wrapper.cfbundle; includeInIndex = 0; path = LittleLemonMenuTests.xctest; sourceTree = BUILT_PRODUCTS_DIR; };
		210785C32B8D852E00347B75 /* LittleLemonMenuUITests.xctest */ = {isa = PBXFileReference; explicitFileType = wrapper.cfbundle; includeInIndex = 0; path = LittleLemonMenuUITests.xctest; sourceTree = BUILT_PRODUCTS_DIR; };
		210785D62B8D864700347B75 /* MenuItemsView.swift */ = {isa = PBXFileReference; lastKnownFileType = sourcecode.swift; path = MenuItemsView.swift; sourceTree = "<group>"; };
		210785D82B8D866600347B75 /* MenuItemsOptionView.swift */ = {isa = PBXFileReference; lastKnownFileType = sourcecode.swift; path = MenuItemsOptionView.swift; sourceTree = "<group>"; };
		210785DA2B8D86D000347B75 /* MenuItemDetails.swift */ = {isa = PBXFileReference; lastKnownFileType = sourcecode.swift; path = MenuItemDetails.swift; sourceTree = "<group>"; };
		2140959E2BA5B07900A600EE /* MenuItemTests.xctest */ = {isa = PBXFileReference; explicitFileType = wrapper.cfbundle; includeInIndex = 0; path = MenuItemTests.xctest; sourceTree = BUILT_PRODUCTS_DIR; };
		214095A02BA5B07900A600EE /* MenuItemTests.swift */ = {isa = PBXFileReference; lastKnownFileType = sourcecode.swift; path = MenuItemTests.swift; sourceTree = "<group>"; };
		214F96872BA055F100A5D89D /* MockData.swift */ = {isa = PBXFileReference; lastKnownFileType = sourcecode.swift; path = MockData.swift; sourceTree = "<group>"; };
		21B36BFB2B956F21003E9943 /* MenuCategory.swift */ = {isa = PBXFileReference; lastKnownFileType = sourcecode.swift; path = MenuCategory.swift; sourceTree = "<group>"; };
		21B36BFD2B96D32F003E9943 /* Ingredient.swift */ = {isa = PBXFileReference; lastKnownFileType = sourcecode.swift; path = Ingredient.swift; sourceTree = "<group>"; };
		21B36BFF2B983CA6003E9943 /* MenuViewViewModel.swift */ = {isa = PBXFileReference; lastKnownFileType = sourcecode.swift; path = MenuViewViewModel.swift; sourceTree = "<group>"; };
/* End PBXFileReference section */

/* Begin PBXFrameworksBuildPhase section */
		210785A62B8D852B00347B75 /* Frameworks */ = {
			isa = PBXFrameworksBuildPhase;
			buildActionMask = 2147483647;
			files = (
			);
			runOnlyForDeploymentPostprocessing = 0;
		};
		210785B62B8D852E00347B75 /* Frameworks */ = {
			isa = PBXFrameworksBuildPhase;
			buildActionMask = 2147483647;
			files = (
			);
			runOnlyForDeploymentPostprocessing = 0;
		};
		210785C02B8D852E00347B75 /* Frameworks */ = {
			isa = PBXFrameworksBuildPhase;
			buildActionMask = 2147483647;
			files = (
			);
			runOnlyForDeploymentPostprocessing = 0;
		};
		2140959B2BA5B07900A600EE /* Frameworks */ = {
			isa = PBXFrameworksBuildPhase;
			buildActionMask = 2147483647;
			files = (
			);
			runOnlyForDeploymentPostprocessing = 0;
		};
/* End PBXFrameworksBuildPhase section */

/* Begin PBXGroup section */
		210785A02B8D852B00347B75 = {
			isa = PBXGroup;
			children = (
				210785AB2B8D852B00347B75 /* LittleLemonMenu */,
				2140959F2BA5B07900A600EE /* MenuItemTests */,
				210785AA2B8D852B00347B75 /* Products */,
			);
			sourceTree = "<group>";
		};
		210785AA2B8D852B00347B75 /* Products */ = {
			isa = PBXGroup;
			children = (
				210785A92B8D852B00347B75 /* LittleLemonMenu.app */,
				210785B92B8D852E00347B75 /* LittleLemonMenuTests.xctest */,
				210785C32B8D852E00347B75 /* LittleLemonMenuUITests.xctest */,
				2140959E2BA5B07900A600EE /* MenuItemTests.xctest */,
			);
			name = Products;
			sourceTree = "<group>";
		};
		210785AB2B8D852B00347B75 /* LittleLemonMenu */ = {
			isa = PBXGroup;
			children = (
				210785AC2B8D852B00347B75 /* LittleLemonMenuApp.swift */,
				210785D62B8D864700347B75 /* MenuItemsView.swift */,
				210785D82B8D866600347B75 /* MenuItemsOptionView.swift */,
				21B36BFB2B956F21003E9943 /* MenuCategory.swift */,
				21B36BFD2B96D32F003E9943 /* Ingredient.swift */,
				21B36BFF2B983CA6003E9943 /* MenuViewViewModel.swift */,
				210785DA2B8D86D000347B75 /* MenuItemDetails.swift */,
				214F96872BA055F100A5D89D /* MockData.swift */,
				210785B02B8D852E00347B75 /* Assets.xcassets */,
				210785B22B8D852E00347B75 /* Preview Content */,
			);
			path = LittleLemonMenu;
			sourceTree = "<group>";
		};
		210785B22B8D852E00347B75 /* Preview Content */ = {
			isa = PBXGroup;
			children = (
				210785B32B8D852E00347B75 /* Preview Assets.xcassets */,
			);
			path = "Preview Content";
			sourceTree = "<group>";
		};
		2140959F2BA5B07900A600EE /* MenuItemTests */ = {
			isa = PBXGroup;
			children = (
				214095A02BA5B07900A600EE /* MenuItemTests.swift */,
			);
			path = MenuItemTests;
			sourceTree = "<group>";
		};
/* End PBXGroup section */

/* Begin PBXNativeTarget section */
		210785A82B8D852B00347B75 /* LittleLemonMenu */ = {
			isa = PBXNativeTarget;
			buildConfigurationList = 210785CD2B8D852E00347B75 /* Build configuration list for PBXNativeTarget "LittleLemonMenu" */;
			buildPhases = (
				210785A52B8D852B00347B75 /* Sources */,
				210785A62B8D852B00347B75 /* Frameworks */,
				210785A72B8D852B00347B75 /* Resources */,
			);
			buildRules = (
			);
			dependencies = (
			);
			name = LittleLemonMenu;
			productName = LittleLemonMenu;
			productReference = 210785A92B8D852B00347B75 /* LittleLemonMenu.app */;
			productType = "com.apple.product-type.application";
		};
		210785B82B8D852E00347B75 /* LittleLemonMenuTests */ = {
			isa = PBXNativeTarget;
			buildConfigurationList = 210785D02B8D852E00347B75 /* Build configuration list for PBXNativeTarget "LittleLemonMenuTests" */;
			buildPhases = (
				210785B52B8D852E00347B75 /* Sources */,
				210785B62B8D852E00347B75 /* Frameworks */,
				210785B72B8D852E00347B75 /* Resources */,
			);
			buildRules = (
			);
			dependencies = (
				210785BB2B8D852E00347B75 /* PBXTargetDependency */,
			);
			name = LittleLemonMenuTests;
			productName = LittleLemonMenuTests;
			productReference = 210785B92B8D852E00347B75 /* LittleLemonMenuTests.xctest */;
			productType = "com.apple.product-type.bundle.unit-test";
		};
		210785C22B8D852E00347B75 /* LittleLemonMenuUITests */ = {
			isa = PBXNativeTarget;
			buildConfigurationList = 210785D32B8D852E00347B75 /* Build configuration list for PBXNativeTarget "LittleLemonMenuUITests" */;
			buildPhases = (
				210785BF2B8D852E00347B75 /* Sources */,
				210785C02B8D852E00347B75 /* Frameworks */,
				210785C12B8D852E00347B75 /* Resources */,
			);
			buildRules = (
			);
			dependencies = (
				210785C52B8D852E00347B75 /* PBXTargetDependency */,
			);
			name = LittleLemonMenuUITests;
			productName = LittleLemonMenuUITests;
			productReference = 210785C32B8D852E00347B75 /* LittleLemonMenuUITests.xctest */;
			productType = "com.apple.product-type.bundle.ui-testing";
		};
		2140959D2BA5B07900A600EE /* MenuItemTests */ = {
			isa = PBXNativeTarget;
			buildConfigurationList = 214095A62BA5B07900A600EE /* Build configuration list for PBXNativeTarget "MenuItemTests" */;
			buildPhases = (
				2140959A2BA5B07900A600EE /* Sources */,
				2140959B2BA5B07900A600EE /* Frameworks */,
				2140959C2BA5B07900A600EE /* Resources */,
			);
			buildRules = (
			);
			dependencies = (
				214095A32BA5B07900A600EE /* PBXTargetDependency */,
			);
			name = MenuItemTests;
			productName = MenuItemTests;
			productReference = 2140959E2BA5B07900A600EE /* MenuItemTests.xctest */;
			productType = "com.apple.product-type.bundle.unit-test";
		};
/* End PBXNativeTarget section */

/* Begin PBXProject section */
		210785A12B8D852B00347B75 /* Project object */ = {
			isa = PBXProject;
			attributes = {
				BuildIndependentTargetsInParallel = 1;
				LastSwiftUpdateCheck = 1400;
				LastUpgradeCheck = 1400;
				TargetAttributes = {
					210785A82B8D852B00347B75 = {
						CreatedOnToolsVersion = 14.0.1;
					};
					210785B82B8D852E00347B75 = {
						CreatedOnToolsVersion = 14.0.1;
						TestTargetID = 210785A82B8D852B00347B75;
					};
					210785C22B8D852E00347B75 = {
						CreatedOnToolsVersion = 14.0.1;
						TestTargetID = 210785A82B8D852B00347B75;
					};
					2140959D2BA5B07900A600EE = {
						CreatedOnToolsVersion = 14.0.1;
						TestTargetID = 210785A82B8D852B00347B75;
					};
				};
			};
			buildConfigurationList = 210785A42B8D852B00347B75 /* Build configuration list for PBXProject "LittleLemonMenu" */;
			compatibilityVersion = "Xcode 14.0";
			developmentRegion = en;
			hasScannedForEncodings = 0;
			knownRegions = (
				en,
				Base,
			);
			mainGroup = 210785A02B8D852B00347B75;
			productRefGroup = 210785AA2B8D852B00347B75 /* Products */;
			projectDirPath = "";
			projectRoot = "";
			targets = (
				210785A82B8D852B00347B75 /* LittleLemonMenu */,
				210785B82B8D852E00347B75 /* LittleLemonMenuTests */,
				210785C22B8D852E00347B75 /* LittleLemonMenuUITests */,
				2140959D2BA5B07900A600EE /* MenuItemTests */,
			);
		};
/* End PBXProject section */

/* Begin PBXResourcesBuildPhase section */
		210785A72B8D852B00347B75 /* Resources */ = {
			isa = PBXResourcesBuildPhase;
			buildActionMask = 2147483647;
			files = (
				210785B42B8D852E00347B75 /* Preview Assets.xcassets in Resources */,
				210785B12B8D852E00347B75 /* Assets.xcassets in Resources */,
			);
			runOnlyForDeploymentPostprocessing = 0;
		};
		210785B72B8D852E00347B75 /* Resources */ = {
			isa = PBXResourcesBuildPhase;
			buildActionMask = 2147483647;
			files = (
			);
			runOnlyForDeploymentPostprocessing = 0;
		};
		210785C12B8D852E00347B75 /* Resources */ = {
			isa = PBXResourcesBuildPhase;
			buildActionMask = 2147483647;
			files = (
			);
			runOnlyForDeploymentPostprocessing = 0;
		};
		2140959C2BA5B07900A600EE /* Resources */ = {
			isa = PBXResourcesBuildPhase;
			buildActionMask = 2147483647;
			files = (
			);
			runOnlyForDeploymentPostprocessing = 0;
		};
/* End PBXResourcesBuildPhase section */

/* Begin PBXSourcesBuildPhase section */
		210785A52B8D852B00347B75 /* Sources */ = {
			isa = PBXSourcesBuildPhase;
			buildActionMask = 2147483647;
			files = (
				210785D72B8D864700347B75 /* MenuItemsView.swift in Sources */,
				21B36BFE2B96D32F003E9943 /* Ingredient.swift in Sources */,
				210785AD2B8D852B00347B75 /* LittleLemonMenuApp.swift in Sources */,
				210785D92B8D866600347B75 /* MenuItemsOptionView.swift in Sources */,
				21B36BFC2B956F21003E9943 /* MenuCategory.swift in Sources */,
				214F96882BA055F100A5D89D /* MockData.swift in Sources */,
				21B36C002B983CA6003E9943 /* MenuViewViewModel.swift in Sources */,
				210785DB2B8D86D000347B75 /* MenuItemDetails.swift in Sources */,
			);
			runOnlyForDeploymentPostprocessing = 0;
		};
		210785B52B8D852E00347B75 /* Sources */ = {
			isa = PBXSourcesBuildPhase;
			buildActionMask = 2147483647;
			files = (
			);
			runOnlyForDeploymentPostprocessing = 0;
		};
		210785BF2B8D852E00347B75 /* Sources */ = {
			isa = PBXSourcesBuildPhase;
			buildActionMask = 2147483647;
			files = (
			);
			runOnlyForDeploymentPostprocessing = 0;
		};
		2140959A2BA5B07900A600EE /* Sources */ = {
			isa = PBXSourcesBuildPhase;
			buildActionMask = 2147483647;
			files = (
				214095A12BA5B07900A600EE /* MenuItemTests.swift in Sources */,
			);
			runOnlyForDeploymentPostprocessing = 0;
		};
/* End PBXSourcesBuildPhase section */

/* Begin PBXTargetDependency section */
		210785BB2B8D852E00347B75 /* PBXTargetDependency */ = {
			isa = PBXTargetDependency;
			target = 210785A82B8D852B00347B75 /* LittleLemonMenu */;
			targetProxy = 210785BA2B8D852E00347B75 /* PBXContainerItemProxy */;
		};
		210785C52B8D852E00347B75 /* PBXTargetDependency */ = {
			isa = PBXTargetDependency;
			target = 210785A82B8D852B00347B75 /* LittleLemonMenu */;
			targetProxy = 210785C42B8D852E00347B75 /* PBXContainerItemProxy */;
		};
		214095A32BA5B07900A600EE /* PBXTargetDependency */ = {
			isa = PBXTargetDependency;
			target = 210785A82B8D852B00347B75 /* LittleLemonMenu */;
			targetProxy = 214095A22BA5B07900A600EE /* PBXContainerItemProxy */;
		};
/* End PBXTargetDependency section */

/* Begin XCBuildConfiguration section */
		210785CB2B8D852E00347B75 /* Debug */ = {
			isa = XCBuildConfiguration;
			buildSettings = {
				ALWAYS_SEARCH_USER_PATHS = NO;
				CLANG_ANALYZER_NONNULL = YES;
				CLANG_ANALYZER_NUMBER_OBJECT_CONVERSION = YES_AGGRESSIVE;
				CLANG_CXX_LANGUAGE_STANDARD = "gnu++20";
				CLANG_ENABLE_MODULES = YES;
				CLANG_ENABLE_OBJC_ARC = YES;
				CLANG_ENABLE_OBJC_WEAK = YES;
				CLANG_WARN_BLOCK_CAPTURE_AUTORELEASING = YES;
				CLANG_WARN_BOOL_CONVERSION = YES;
				CLANG_WARN_COMMA = YES;
				CLANG_WARN_CONSTANT_CONVERSION = YES;
				CLANG_WARN_DEPRECATED_OBJC_IMPLEMENTATIONS = YES;
				CLANG_WARN_DIRECT_OBJC_ISA_USAGE = YES_ERROR;
				CLANG_WARN_DOCUMENTATION_COMMENTS = YES;
				CLANG_WARN_EMPTY_BODY = YES;
				CLANG_WARN_ENUM_CONVERSION = YES;
				CLANG_WARN_INFINITE_RECURSION = YES;
				CLANG_WARN_INT_CONVERSION = YES;
				CLANG_WARN_NON_LITERAL_NULL_CONVERSION = YES;
				CLANG_WARN_OBJC_IMPLICIT_RETAIN_SELF = YES;
				CLANG_WARN_OBJC_LITERAL_CONVERSION = YES;
				CLANG_WARN_OBJC_ROOT_CLASS = YES_ERROR;
				CLANG_WARN_QUOTED_INCLUDE_IN_FRAMEWORK_HEADER = YES;
				CLANG_WARN_RANGE_LOOP_ANALYSIS = YES;
				CLANG_WARN_STRICT_PROTOTYPES = YES;
				CLANG_WARN_SUSPICIOUS_MOVE = YES;
				CLANG_WARN_UNGUARDED_AVAILABILITY = YES_AGGRESSIVE;
				CLANG_WARN_UNREACHABLE_CODE = YES;
				CLANG_WARN__DUPLICATE_METHOD_MATCH = YES;
				COPY_PHASE_STRIP = NO;
				DEBUG_INFORMATION_FORMAT = dwarf;
				ENABLE_STRICT_OBJC_MSGSEND = YES;
				ENABLE_TESTABILITY = YES;
				GCC_C_LANGUAGE_STANDARD = gnu11;
				GCC_DYNAMIC_NO_PIC = NO;
				GCC_NO_COMMON_BLOCKS = YES;
				GCC_OPTIMIZATION_LEVEL = 0;
				GCC_PREPROCESSOR_DEFINITIONS = (
					"DEBUG=1",
					"$(inherited)",
				);
				GCC_WARN_64_TO_32_BIT_CONVERSION = YES;
				GCC_WARN_ABOUT_RETURN_TYPE = YES_ERROR;
				GCC_WARN_UNDECLARED_SELECTOR = YES;
				GCC_WARN_UNINITIALIZED_AUTOS = YES_AGGRESSIVE;
				GCC_WARN_UNUSED_FUNCTION = YES;
				GCC_WARN_UNUSED_VARIABLE = YES;
				IPHONEOS_DEPLOYMENT_TARGET = 16.0;
				MTL_ENABLE_DEBUG_INFO = INCLUDE_SOURCE;
				MTL_FAST_MATH = YES;
				ONLY_ACTIVE_ARCH = YES;
				SDKROOT = iphoneos;
				SWIFT_ACTIVE_COMPILATION_CONDITIONS = DEBUG;
				SWIFT_OPTIMIZATION_LEVEL = "-Onone";
			};
			name = Debug;
		};
		210785CC2B8D852E00347B75 /* Release */ = {
			isa = XCBuildConfiguration;
			buildSettings = {
				ALWAYS_SEARCH_USER_PATHS = NO;
				CLANG_ANALYZER_NONNULL = YES;
				CLANG_ANALYZER_NUMBER_OBJECT_CONVERSION = YES_AGGRESSIVE;
				CLANG_CXX_LANGUAGE_STANDARD = "gnu++20";
				CLANG_ENABLE_MODULES = YES;
				CLANG_ENABLE_OBJC_ARC = YES;
				CLANG_ENABLE_OBJC_WEAK = YES;
				CLANG_WARN_BLOCK_CAPTURE_AUTORELEASING = YES;
				CLANG_WARN_BOOL_CONVERSION = YES;
				CLANG_WARN_COMMA = YES;
				CLANG_WARN_CONSTANT_CONVERSION = YES;
				CLANG_WARN_DEPRECATED_OBJC_IMPLEMENTATIONS = YES;
				CLANG_WARN_DIRECT_OBJC_ISA_USAGE = YES_ERROR;
				CLANG_WARN_DOCUMENTATION_COMMENTS = YES;
				CLANG_WARN_EMPTY_BODY = YES;
				CLANG_WARN_ENUM_CONVERSION = YES;
				CLANG_WARN_INFINITE_RECURSION = YES;
				CLANG_WARN_INT_CONVERSION = YES;
				CLANG_WARN_NON_LITERAL_NULL_CONVERSION = YES;
				CLANG_WARN_OBJC_IMPLICIT_RETAIN_SELF = YES;
				CLANG_WARN_OBJC_LITERAL_CONVERSION = YES;
				CLANG_WARN_OBJC_ROOT_CLASS = YES_ERROR;
				CLANG_WARN_QUOTED_INCLUDE_IN_FRAMEWORK_HEADER = YES;
				CLANG_WARN_RANGE_LOOP_ANALYSIS = YES;
				CLANG_WARN_STRICT_PROTOTYPES = YES;
				CLANG_WARN_SUSPICIOUS_MOVE = YES;
				CLANG_WARN_UNGUARDED_AVAILABILITY = YES_AGGRESSIVE;
				CLANG_WARN_UNREACHABLE_CODE = YES;
				CLANG_WARN__DUPLICATE_METHOD_MATCH = YES;
				COPY_PHASE_STRIP = NO;
				DEBUG_INFORMATION_FORMAT = "dwarf-with-dsym";
				ENABLE_NS_ASSERTIONS = NO;
				ENABLE_STRICT_OBJC_MSGSEND = YES;
				GCC_C_LANGUAGE_STANDARD = gnu11;
				GCC_NO_COMMON_BLOCKS = YES;
				GCC_WARN_64_TO_32_BIT_CONVERSION = YES;
				GCC_WARN_ABOUT_RETURN_TYPE = YES_ERROR;
				GCC_WARN_UNDECLARED_SELECTOR = YES;
				GCC_WARN_UNINITIALIZED_AUTOS = YES_AGGRESSIVE;
				GCC_WARN_UNUSED_FUNCTION = YES;
				GCC_WARN_UNUSED_VARIABLE = YES;
				IPHONEOS_DEPLOYMENT_TARGET = 16.0;
				MTL_ENABLE_DEBUG_INFO = NO;
				MTL_FAST_MATH = YES;
				SDKROOT = iphoneos;
				SWIFT_COMPILATION_MODE = wholemodule;
				SWIFT_OPTIMIZATION_LEVEL = "-O";
				VALIDATE_PRODUCT = YES;
			};
			name = Release;
		};
		210785CE2B8D852E00347B75 /* Debug */ = {
			isa = XCBuildConfiguration;
			buildSettings = {
				ASSETCATALOG_COMPILER_APPICON_NAME = AppIcon;
				ASSETCATALOG_COMPILER_GLOBAL_ACCENT_COLOR_NAME = AccentColor;
				CODE_SIGN_STYLE = Automatic;
				CURRENT_PROJECT_VERSION = 1;
				DEVELOPMENT_ASSET_PATHS = "\"LittleLemonMenu/Preview Content\"";
				ENABLE_PREVIEWS = YES;
				GENERATE_INFOPLIST_FILE = YES;
				INFOPLIST_KEY_UIApplicationSceneManifest_Generation = YES;
				INFOPLIST_KEY_UIApplicationSupportsIndirectInputEvents = YES;
				INFOPLIST_KEY_UILaunchScreen_Generation = YES;
				INFOPLIST_KEY_UISupportedInterfaceOrientations_iPad = "UIInterfaceOrientationPortrait UIInterfaceOrientationPortraitUpsideDown UIInterfaceOrientationLandscapeLeft UIInterfaceOrientationLandscapeRight";
				INFOPLIST_KEY_UISupportedInterfaceOrientations_iPhone = "UIInterfaceOrientationPortrait UIInterfaceOrientationLandscapeLeft UIInterfaceOrientationLandscapeRight";
				LD_RUNPATH_SEARCH_PATHS = (
					"$(inherited)",
					"@executable_path/Frameworks",
				);
				MARKETING_VERSION = 1.0;
				PRODUCT_BUNDLE_IDENTIFIER = AnnaPavlova.LittleLemonMenu;
				PRODUCT_NAME = "$(TARGET_NAME)";
				SWIFT_EMIT_LOC_STRINGS = YES;
				SWIFT_VERSION = 5.0;
				TARGETED_DEVICE_FAMILY = "1,2";
			};
			name = Debug;
		};
		210785CF2B8D852E00347B75 /* Release */ = {
			isa = XCBuildConfiguration;
			buildSettings = {
				ASSETCATALOG_COMPILER_APPICON_NAME = AppIcon;
				ASSETCATALOG_COMPILER_GLOBAL_ACCENT_COLOR_NAME = AccentColor;
				CODE_SIGN_STYLE = Automatic;
				CURRENT_PROJECT_VERSION = 1;
				DEVELOPMENT_ASSET_PATHS = "\"LittleLemonMenu/Preview Content\"";
				ENABLE_PREVIEWS = YES;
				GENERATE_INFOPLIST_FILE = YES;
				INFOPLIST_KEY_UIApplicationSceneManifest_Generation = YES;
				INFOPLIST_KEY_UIApplicationSupportsIndirectInputEvents = YES;
				INFOPLIST_KEY_UILaunchScreen_Generation = YES;
				INFOPLIST_KEY_UISupportedInterfaceOrientations_iPad = "UIInterfaceOrientationPortrait UIInterfaceOrientationPortraitUpsideDown UIInterfaceOrientationLandscapeLeft UIInterfaceOrientationLandscapeRight";
				INFOPLIST_KEY_UISupportedInterfaceOrientations_iPhone = "UIInterfaceOrientationPortrait UIInterfaceOrientationLandscapeLeft UIInterfaceOrientationLandscapeRight";
				LD_RUNPATH_SEARCH_PATHS = (
					"$(inherited)",
					"@executable_path/Frameworks",
				);
				MARKETING_VERSION = 1.0;
				PRODUCT_BUNDLE_IDENTIFIER = AnnaPavlova.LittleLemonMenu;
				PRODUCT_NAME = "$(TARGET_NAME)";
				SWIFT_EMIT_LOC_STRINGS = YES;
				SWIFT_VERSION = 5.0;
				TARGETED_DEVICE_FAMILY = "1,2";
			};
			name = Release;
		};
		210785D12B8D852E00347B75 /* Debug */ = {
			isa = XCBuildConfiguration;
			buildSettings = {
				ALWAYS_EMBED_SWIFT_STANDARD_LIBRARIES = YES;
				BUNDLE_LOADER = "$(TEST_HOST)";
				CODE_SIGN_STYLE = Automatic;
				CURRENT_PROJECT_VERSION = 1;
				GENERATE_INFOPLIST_FILE = YES;
				IPHONEOS_DEPLOYMENT_TARGET = 16.0;
				MARKETING_VERSION = 1.0;
				PRODUCT_BUNDLE_IDENTIFIER = AnnaPavlova.LittleLemonMenuTests;
				PRODUCT_NAME = "$(TARGET_NAME)";
				SWIFT_EMIT_LOC_STRINGS = NO;
				SWIFT_VERSION = 5.0;
				TARGETED_DEVICE_FAMILY = "1,2";
				TEST_HOST = "$(BUILT_PRODUCTS_DIR)/LittleLemonMenu.app/$(BUNDLE_EXECUTABLE_FOLDER_PATH)/LittleLemonMenu";
			};
			name = Debug;
		};
		210785D22B8D852E00347B75 /* Release */ = {
			isa = XCBuildConfiguration;
			buildSettings = {
				ALWAYS_EMBED_SWIFT_STANDARD_LIBRARIES = YES;
				BUNDLE_LOADER = "$(TEST_HOST)";
				CODE_SIGN_STYLE = Automatic;
				CURRENT_PROJECT_VERSION = 1;
				GENERATE_INFOPLIST_FILE = YES;
				IPHONEOS_DEPLOYMENT_TARGET = 16.0;
				MARKETING_VERSION = 1.0;
				PRODUCT_BUNDLE_IDENTIFIER = AnnaPavlova.LittleLemonMenuTests;
				PRODUCT_NAME = "$(TARGET_NAME)";
				SWIFT_EMIT_LOC_STRINGS = NO;
				SWIFT_VERSION = 5.0;
				TARGETED_DEVICE_FAMILY = "1,2";
				TEST_HOST = "$(BUILT_PRODUCTS_DIR)/LittleLemonMenu.app/$(BUNDLE_EXECUTABLE_FOLDER_PATH)/LittleLemonMenu";
			};
			name = Release;
		};
		210785D42B8D852E00347B75 /* Debug */ = {
			isa = XCBuildConfiguration;
			buildSettings = {
				ALWAYS_EMBED_SWIFT_STANDARD_LIBRARIES = YES;
				CODE_SIGN_STYLE = Automatic;
				CURRENT_PROJECT_VERSION = 1;
				GENERATE_INFOPLIST_FILE = YES;
				MARKETING_VERSION = 1.0;
				PRODUCT_BUNDLE_IDENTIFIER = AnnaPavlova.LittleLemonMenuUITests;
				PRODUCT_NAME = "$(TARGET_NAME)";
				SWIFT_EMIT_LOC_STRINGS = NO;
				SWIFT_VERSION = 5.0;
				TARGETED_DEVICE_FAMILY = "1,2";
				TEST_TARGET_NAME = LittleLemonMenu;
			};
			name = Debug;
		};
		210785D52B8D852E00347B75 /* Release */ = {
			isa = XCBuildConfiguration;
			buildSettings = {
				ALWAYS_EMBED_SWIFT_STANDARD_LIBRARIES = YES;
				CODE_SIGN_STYLE = Automatic;
				CURRENT_PROJECT_VERSION = 1;
				GENERATE_INFOPLIST_FILE = YES;
				MARKETING_VERSION = 1.0;
				PRODUCT_BUNDLE_IDENTIFIER = AnnaPavlova.LittleLemonMenuUITests;
				PRODUCT_NAME = "$(TARGET_NAME)";
				SWIFT_EMIT_LOC_STRINGS = NO;
				SWIFT_VERSION = 5.0;
				TARGETED_DEVICE_FAMILY = "1,2";
				TEST_TARGET_NAME = LittleLemonMenu;
			};
			name = Release;
		};
		214095A42BA5B07900A600EE /* Debug */ = {
			isa = XCBuildConfiguration;
			buildSettings = {
				BUNDLE_LOADER = "$(TEST_HOST)";
				CODE_SIGN_STYLE = Automatic;
				CURRENT_PROJECT_VERSION = 1;
				GENERATE_INFOPLIST_FILE = YES;
				MARKETING_VERSION = 1.0;
				PRODUCT_BUNDLE_IDENTIFIER = AnnaPavlova.MenuItemTests;
				PRODUCT_NAME = "$(TARGET_NAME)";
				SWIFT_EMIT_LOC_STRINGS = NO;
				SWIFT_VERSION = 5.0;
				TARGETED_DEVICE_FAMILY = "1,2";
				TEST_HOST = "$(BUILT_PRODUCTS_DIR)/LittleLemonMenu.app/$(BUNDLE_EXECUTABLE_FOLDER_PATH)/LittleLemonMenu";
			};
			name = Debug;
		};
		214095A52BA5B07900A600EE /* Release */ = {
			isa = XCBuildConfiguration;
			buildSettings = {
				BUNDLE_LOADER = "$(TEST_HOST)";
				CODE_SIGN_STYLE = Automatic;
				CURRENT_PROJECT_VERSION = 1;
				GENERATE_INFOPLIST_FILE = YES;
				MARKETING_VERSION = 1.0;
				PRODUCT_BUNDLE_IDENTIFIER = AnnaPavlova.MenuItemTests;
				PRODUCT_NAME = "$(TARGET_NAME)";
				SWIFT_EMIT_LOC_STRINGS = NO;
				SWIFT_VERSION = 5.0;
				TARGETED_DEVICE_FAMILY = "1,2";
				TEST_HOST = "$(BUILT_PRODUCTS_DIR)/LittleLemonMenu.app/$(BUNDLE_EXECUTABLE_FOLDER_PATH)/LittleLemonMenu";
			};
			name = Release;
		};
/* End XCBuildConfiguration section */

/* Begin XCConfigurationList section */
		210785A42B8D852B00347B75 /* Build configuration list for PBXProject "LittleLemonMenu" */ = {
			isa = XCConfigurationList;
			buildConfigurations = (
				210785CB2B8D852E00347B75 /* Debug */,
				210785CC2B8D852E00347B75 /* Release */,
			);
			defaultConfigurationIsVisible = 0;
			defaultConfigurationName = Release;
		};
		210785CD2B8D852E00347B75 /* Build configuration list for PBXNativeTarget "LittleLemonMenu" */ = {
			isa = XCConfigurationList;
			buildConfigurations = (
				210785CE2B8D852E00347B75 /* Debug */,
				210785CF2B8D852E00347B75 /* Release */,
			);
			defaultConfigurationIsVisible = 0;
			defaultConfigurationName = Release;
		};
		210785D02B8D852E00347B75 /* Build configuration list for PBXNativeTarget "LittleLemonMenuTests" */ = {
			isa = XCConfigurationList;
			buildConfigurations = (
				210785D12B8D852E00347B75 /* Debug */,
				210785D22B8D852E00347B75 /* Release */,
			);
			defaultConfigurationIsVisible = 0;
			defaultConfigurationName = Release;
		};
		210785D32B8D852E00347B75 /* Build configuration list for PBXNativeTarget "LittleLemonMenuUITests" */ = {
			isa = XCConfigurationList;
			buildConfigurations = (
				210785D42B8D852E00347B75 /* Debug */,
				210785D52B8D852E00347B75 /* Release */,
			);
			defaultConfigurationIsVisible = 0;
			defaultConfigurationName = Release;
		};
		214095A62BA5B07900A600EE /* Build configuration list for PBXNativeTarget "MenuItemTests" */ = {
			isa = XCConfigurationList;
			buildConfigurations = (
				214095A42BA5B07900A600EE /* Debug */,
				214095A52BA5B07900A600EE /* Release */,
			);
			defaultConfigurationIsVisible = 0;
			defaultConfigurationName = Release;
		};
/* End XCConfigurationList section */
	};
	rootObject = 210785A12B8D852B00347B75 /* Project object */;
}
